
Microsoft Visual Studio Solution File, Format Version 12.00
# Visual Studio 15
VisualStudioVersion = 15.0.28307.421
MinimumVisualStudioVersion = 10.0.40219.1
Project("{FAE04EC0-301F-11D3-BF4B-00C04F79EFBC}") = "mousemove", "mousemove\mousemove.csproj", "{008B35A6-C639-4216-8C2F-7809642E5DAD}"
EndProject
Global
	GlobalSection(SolutionConfigurationPlatforms) = preSolution
		Debug|Any CPU = Debug|Any CPU
		Release|Any CPU = Release|Any CPU
	EndGlobalSection
	GlobalSection(ProjectConfigurationPlatforms) = postSolution
		{008B35A6-C639-4216-8C2F-7809642E5DAD}.Debug|Any CPU.ActiveCfg = Debug|Any CPU
		{008B35A6-C639-4216-8C2F-7809642E5DAD}.Debug|Any CPU.Build.0 = Debug|Any CPU
		{008B35A6-C639-4216-8C2F-7809642E5DAD}.Release|Any CPU.ActiveCfg = Release|Any CPU
		{008B35A6-C639-4216-8C2F-7809642E5DAD}.Release|Any CPU.Build.0 = Release|Any CPU
	EndGlobalSection
	GlobalSection(SolutionProperties) = preSolution
		HideSolutionNode = FALSE
	EndGlobalSection
	GlobalSection(ExtensibilityGlobals) = postSolution
		SolutionGuid = {2BBB789E-1FB3-4E45-85D1-F5F4C9DE09E7}
	EndGlobalSection
EndGlobal
